
Microsoft Visual Studio Solution File, Format Version 12.00
# Visual Studio 15
Project("{FAE04EC0-301F-11D3-BF4B-00C04F79EFBC}") = "Assembly-CSharp", "Assembly-CSharp.csproj", "{0315E4C5-27BF-C7E1-95F0-2CE0905951D9}"
EndProject
Project("{FAE04EC0-301F-11D3-BF4B-00C04F79EFBC}") = "Assembly-CSharp-firstpass", "Assembly-CSharp-firstpass.csproj", "{FE4F4A70-6395-7415-86F5-5A3985902229}"
EndProject
Global
	GlobalSection(SolutionConfigurationPlatforms) = preSolution
		Debug|Any CPU = Debug|Any CPU
		Release|Any CPU = Release|Any CPU
	EndGlobalSection
	GlobalSection(ProjectConfigurationPlatforms) = postSolution
		{0315E4C5-27BF-C7E1-95F0-2CE0905951D9}.Debug|Any CPU.ActiveCfg = Debug|Any CPU
		{0315E4C5-27BF-C7E1-95F0-2CE0905951D9}.Debug|Any CPU.Build.0 = Debug|Any CPU
		{0315E4C5-27BF-C7E1-95F0-2CE0905951D9}.Release|Any CPU.ActiveCfg = Release|Any CPU
		{0315E4C5-27BF-C7E1-95F0-2CE0905951D9}.Release|Any CPU.Build.0 = Release|Any CPU
		{FE4F4A70-6395-7415-86F5-5A3985902229}.Debug|Any CPU.ActiveCfg = Debug|Any CPU
		{FE4F4A70-6395-7415-86F5-5A3985902229}.Debug|Any CPU.Build.0 = Debug|Any CPU
		{FE4F4A70-6395-7415-86F5-5A3985902229}.Release|Any CPU.ActiveCfg = Release|Any CPU
		{FE4F4A70-6395-7415-86F5-5A3985902229}.Release|Any CPU.Build.0 = Release|Any CPU
	EndGlobalSection
	GlobalSection(SolutionProperties) = preSolution
		HideSolutionNode = FALSE
	EndGlobalSection
EndGlobal
